
Microsoft Visual Studio Solution File, Format Version 12.00
# Visual Studio Version 16
VisualStudioVersion = 16.0.28803.202
MinimumVisualStudioVersion = 10.0.40219.1
Project("{FAE04EC0-301F-11D3-BF4B-00C04F79EFBC}") = "D_Ex_Danil", "D_Ex_Danil\D_Ex_Danil.csproj", "{9F4C53FA-41AD-455D-BB48-FCF0AE2E7E4A}"
EndProject
Global
	GlobalSection(SolutionConfigurationPlatforms) = preSolution
		Debug|Any CPU = Debug|Any CPU
		Release|Any CPU = Release|Any CPU
	EndGlobalSection
	GlobalSection(ProjectConfigurationPlatforms) = postSolution
		{9F4C53FA-41AD-455D-BB48-FCF0AE2E7E4A}.Debug|Any CPU.ActiveCfg = Debug|Any CPU
		{9F4C53FA-41AD-455D-BB48-FCF0AE2E7E4A}.Debug|Any CPU.Build.0 = Debug|Any CPU
		{9F4C53FA-41AD-455D-BB48-FCF0AE2E7E4A}.Release|Any CPU.ActiveCfg = Release|Any CPU
		{9F4C53FA-41AD-455D-BB48-FCF0AE2E7E4A}.Release|Any CPU.Build.0 = Release|Any CPU
	EndGlobalSection
	GlobalSection(SolutionProperties) = preSolution
		HideSolutionNode = FALSE
	EndGlobalSection
	GlobalSection(ExtensibilityGlobals) = postSolution
		SolutionGuid = {EDB7F502-3FCE-4754-A894-53F2EFADDCA8}
	EndGlobalSection
EndGlobal
